
Microsoft Visual Studio Solution File, Format Version 12.00
# Visual Studio 15
VisualStudioVersion = 15.0.26403.7
MinimumVisualStudioVersion = 10.0.40219.1
Project("{FAE04EC0-301F-11D3-BF4B-00C04F79EFBC}") = "SQLMethods", "SQLMethods\SQLMethods.csproj", "{017C4563-855C-43A8-A0F8-70A4291106EA}"
EndProject
Global
	GlobalSection(SolutionConfigurationPlatforms) = preSolution
		Debug|Any CPU = Debug|Any CPU
		Release|Any CPU = Release|Any CPU
	EndGlobalSection
	GlobalSection(ProjectConfigurationPlatforms) = postSolution
		{017C4563-855C-43A8-A0F8-70A4291106EA}.Debug|Any CPU.ActiveCfg = Debug|Any CPU
		{017C4563-855C-43A8-A0F8-70A4291106EA}.Debug|Any CPU.Build.0 = Debug|Any CPU
		{017C4563-855C-43A8-A0F8-70A4291106EA}.Release|Any CPU.ActiveCfg = Release|Any CPU
		{017C4563-855C-43A8-A0F8-70A4291106EA}.Release|Any CPU.Build.0 = Release|Any CPU
	EndGlobalSection
	GlobalSection(SolutionProperties) = preSolution
		HideSolutionNode = FALSE
	EndGlobalSection
EndGlobal
