
Microsoft Visual Studio Solution File, Format Version 12.00
# Visual Studio 15
VisualStudioVersion = 15.0.26730.16
MinimumVisualStudioVersion = 10.0.40219.1
Project("{FAE04EC0-301F-11D3-BF4B-00C04F79EFBC}") = "LieInn", "LieInn\LieInn.csproj", "{12364550-6FF3-4F13-8AE7-141C0E74B16F}"
EndProject
Global
	GlobalSection(SolutionConfigurationPlatforms) = preSolution
		Debug|Any CPU = Debug|Any CPU
		Release|Any CPU = Release|Any CPU
	EndGlobalSection
	GlobalSection(ProjectConfigurationPlatforms) = postSolution
		{12364550-6FF3-4F13-8AE7-141C0E74B16F}.Debug|Any CPU.ActiveCfg = Debug|Any CPU
		{12364550-6FF3-4F13-8AE7-141C0E74B16F}.Debug|Any CPU.Build.0 = Debug|Any CPU
		{12364550-6FF3-4F13-8AE7-141C0E74B16F}.Release|Any CPU.ActiveCfg = Release|Any CPU
		{12364550-6FF3-4F13-8AE7-141C0E74B16F}.Release|Any CPU.Build.0 = Release|Any CPU
	EndGlobalSection
	GlobalSection(SolutionProperties) = preSolution
		HideSolutionNode = FALSE
	EndGlobalSection
	GlobalSection(ExtensibilityGlobals) = postSolution
		SolutionGuid = {A7B9D8C9-9D04-40B6-8F8A-4EED4F92EA17}
	EndGlobalSection
EndGlobal
